Microsoft Visual Studio Solution File, Format Version 12.00
# Visual Studio Version 17
VisualStudioVersion = 17.5.2.0
MinimumVisualStudioVersion = 10.0.40219.1
Project("{FAE04EC0-301F-11D3-BF4B-00C04F79EFBC}") = "OpcUaSimulator", "OpcUaSimulator.csproj", "{457DC550-49C7-C719-B132-CFCB12F7A2F7}"
EndProject
Global
	GlobalSection(SolutionConfigurationPlatforms) = preSolution
		Debug|Any CPU = Debug|Any CPU
		Release|Any CPU = Release|Any CPU
	EndGlobalSection
	GlobalSection(ProjectConfigurationPlatforms) = postSolution
		{457DC550-49C7-C719-B132-CFCB12F7A2F7}.Debug|Any CPU.ActiveCfg = Debug|Any CPU
		{457DC550-49C7-C719-B132-CFCB12F7A2F7}.Debug|Any CPU.Build.0 = Debug|Any CPU
		{457DC550-49C7-C719-B132-CFCB12F7A2F7}.Release|Any CPU.ActiveCfg = Release|Any CPU
		{457DC550-49C7-C719-B132-CFCB12F7A2F7}.Release|Any CPU.Build.0 = Release|Any CPU
	EndGlobalSection
	GlobalSection(SolutionProperties) = preSolution
		HideSolutionNode = FALSE
	EndGlobalSection
	GlobalSection(ExtensibilityGlobals) = postSolution
		SolutionGuid = {3CCD5AAA-5761-4B90-B233-F0F6457E0793}
	EndGlobalSection
EndGlobal
